{
  "pins" : [
    {
      "identity" : "localized-swift",
      "kind" : "remoteSourceControl",
      "location" : "https://github.com/nazar-41/Localized-Swift",
      "state" : {
        "branch" : "main",
        "revision" : "b59dc17b0787a6302b643a3d2868020487a05b50"
      }
    }
  ],
  "version" : 2
}
