{
  "pins" : [
    {
      "identity" : "localized-swift",
      "kind" : "remoteSourceControl",
      "location" : "https://github.com/nazar-41/Localized-Swift",
      "state" : {
        "branch" : "main",
        "revision" : "c6dc2352812747d41b4a8cd2ed47190d0e4a6e38"
      }
    }
  ],
  "version" : 2
}
