{
  "pins" : [
    {
      "identity" : "localized-swift",
      "kind" : "remoteSourceControl",
      "location" : "https://github.com/nazar-41/Localized-Swift",
      "state" : {
        "branch" : "main",
        "revision" : "a05d2cf44d4edcb477d676421199a7fdc71e9d32"
      }
    }
  ],
  "version" : 2
}
